{
  "name": "smslive247apci",
  "version": "1.0.0",
  "lockfileVersion": 1,
  "requires": true,
  "dependencies": {
    "smslive247api": {
      "version": "1.0.0",
      "resolved": "https://registry.npmjs.org/smslive247api/-/smslive247api-1.0.0.tgz",
      "integrity": "sha512-3r2X9V1RRSH1wS4CMxnun6YUh0a9xeHU0Iv2pDD7X4aYPQdHL/Gk4zoUm7E1dUCGK7YAgQo2X4GZG6E4z4Bt4g=="
    }
  }
}
